<Solution>
  <Folder Name="/1-SingleResponsability/">
    <Project Path="1-SingleResponsability/SingleResponsability.csproj" />
  </Folder>
  <Folder Name="/2-OpenClose/">
    <Project Path="2-OpenClose/OpenClose.csproj" />
  </Folder>
  <Folder Name="/3-LiskovSubstitution/">
    <Project Path="3-LiskovSubstitution/LiskovSubstitution.csproj" />
  </Folder>
  <Folder Name="/4-InterfaceSegregation/">
    <Project Path="4-InterfaceSegregation/InterfaceSegregation.csproj" />
  </Folder>
  <Folder Name="/5-DependencyInversion/">
    <Project Path="5-DependencyInversion/Api.Tests/Api.Tests.csproj" />
  </Folder>
  <Folder Name="/5-DependencyInversion/Api/">
    <Project Path="5-DependencyInversion/Api/DependencyInversion.csproj" />
  </Folder>
</Solution>
